
Microsoft Visual Studio Solution File, Format Version 12.00
# Visual Studio Version 17
VisualStudioVersion = 17.8.34511.84
MinimumVisualStudioVersion = 10.0.40219.1
Project("{FAE04EC0-301F-11D3-BF4B-00C04F79EFBC}") = "COMP003B.Assignment1", "COMP003B.Assignment1\COMP003B.Assignment1.csproj", "{E049D986-2CD8-4104-B221-2DED45FCA458}"
EndProject
Global
	GlobalSection(SolutionConfigurationPlatforms) = preSolution
		Debug|Any CPU = Debug|Any CPU
		Release|Any CPU = Release|Any CPU
	EndGlobalSection
	GlobalSection(ProjectConfigurationPlatforms) = postSolution
		{E049D986-2CD8-4104-B221-2DED45FCA458}.Debug|Any CPU.ActiveCfg = Debug|Any CPU
		{E049D986-2CD8-4104-B221-2DED45FCA458}.Debug|Any CPU.Build.0 = Debug|Any CPU
		{E049D986-2CD8-4104-B221-2DED45FCA458}.Release|Any CPU.ActiveCfg = Release|Any CPU
		{E049D986-2CD8-4104-B221-2DED45FCA458}.Release|Any CPU.Build.0 = Release|Any CPU
	EndGlobalSection
	GlobalSection(SolutionProperties) = preSolution
		HideSolutionNode = FALSE
	EndGlobalSection
	GlobalSection(ExtensibilityGlobals) = postSolution
		SolutionGuid = {A07960C0-653B-47F7-8322-F4D027E22007}
	EndGlobalSection
EndGlobal
